
Microsoft Visual Studio Solution File, Format Version 12.00
# Visual Studio Version 17
VisualStudioVersion = 17.11.35303.130
MinimumVisualStudioVersion = 10.0.40219.1
Project("{FAE04EC0-301F-11D3-BF4B-00C04F79EFBC}") = "HotelManagementApp", "HotelManagementApp\HotelManagementApp.csproj", "{8A89A49A-94CE-4EB1-993F-3676BCF06EA5}"
EndProject
Global
	GlobalSection(SolutionConfigurationPlatforms) = preSolution
		Debug|Any CPU = Debug|Any CPU
		Release|Any CPU = Release|Any CPU
	EndGlobalSection
	GlobalSection(ProjectConfigurationPlatforms) = postSolution
		{8A89A49A-94CE-4EB1-993F-3676BCF06EA5}.Debug|Any CPU.ActiveCfg = Debug|Any CPU
		{8A89A49A-94CE-4EB1-993F-3676BCF06EA5}.Debug|Any CPU.Build.0 = Debug|Any CPU
		{8A89A49A-94CE-4EB1-993F-3676BCF06EA5}.Release|Any CPU.ActiveCfg = Release|Any CPU
		{8A89A49A-94CE-4EB1-993F-3676BCF06EA5}.Release|Any CPU.Build.0 = Release|Any CPU
	EndGlobalSection
	GlobalSection(SolutionProperties) = preSolution
		HideSolutionNode = FALSE
	EndGlobalSection
	GlobalSection(ExtensibilityGlobals) = postSolution
		SolutionGuid = {722482B4-15A9-4724-BAB7-99C1EFB8CE88}
	EndGlobalSection
EndGlobal
